
Microsoft Visual Studio Solution File, Format Version 12.00
# Visual Studio Version 17
VisualStudioVersion = 17.0.31903.59
MinimumVisualStudioVersion = 10.0.40219.1
Project("{2150E333-8FDC-42A3-9474-1A3956D46DE8}") = "src", "src", "{827E0CD3-B72D-47B6-A68D-7590B98EB39B}"
EndProject
Project("{FAE04EC0-301F-11D3-BF4B-00C04F79EFBC}") = "SuCaiFlow.Contracts", "src\SuCaiFlow.Contracts\SuCaiFlow.Contracts.csproj", "{18B3EE90-FC0B-41C0-B1A9-6F7B268E4E10}"
EndProject
Project("{FAE04EC0-301F-11D3-BF4B-00C04F79EFBC}") = "SuCaiFlow.Core", "src\SuCaiFlow.Core\SuCaiFlow.Core.csproj", "{EDAB61C3-8ECB-4430-BAB2-363D2986DA9C}"
EndProject
Project("{FAE04EC0-301F-11D3-BF4B-00C04F79EFBC}") = "SuCaiFlow.EntityFramework", "src\SuCaiFlow.EntityFramework\SuCaiFlow.EntityFramework.csproj", "{552B2CD3-5BE1-4B2B-9E7C-4FC71358AA34}"
EndProject
Project("{2150E333-8FDC-42A3-9474-1A3956D46DE8}") = "examples", "examples", "{B36A84DF-456D-A817-6EDD-3EC3E7F6E11F}"
EndProject
Project("{FAE04EC0-301F-11D3-BF4B-00C04F79EFBC}") = "SuCaiFlow.Example", "examples\SuCaiFlow.Example\SuCaiFlow.Example.csproj", "{87615052-FCC2-411F-8E73-FED298D89549}"
EndProject
Global
	GlobalSection(SolutionConfigurationPlatforms) = preSolution
		Debug|Any CPU = Debug|Any CPU
		Debug|x64 = Debug|x64
		Debug|x86 = Debug|x86
		Release|Any CPU = Release|Any CPU
		Release|x64 = Release|x64
		Release|x86 = Release|x86
	EndGlobalSection
	GlobalSection(ProjectConfigurationPlatforms) = postSolution
		{18B3EE90-FC0B-41C0-B1A9-6F7B268E4E10}.Debug|Any CPU.ActiveCfg = Debug|Any CPU
		{18B3EE90-FC0B-41C0-B1A9-6F7B268E4E10}.Debug|Any CPU.Build.0 = Debug|Any CPU
		{18B3EE90-FC0B-41C0-B1A9-6F7B268E4E10}.Debug|x64.ActiveCfg = Debug|Any CPU
		{18B3EE90-FC0B-41C0-B1A9-6F7B268E4E10}.Debug|x64.Build.0 = Debug|Any CPU
		{18B3EE90-FC0B-41C0-B1A9-6F7B268E4E10}.Debug|x86.ActiveCfg = Debug|Any CPU
		{18B3EE90-FC0B-41C0-B1A9-6F7B268E4E10}.Debug|x86.Build.0 = Debug|Any CPU
		{18B3EE90-FC0B-41C0-B1A9-6F7B268E4E10}.Release|Any CPU.ActiveCfg = Release|Any CPU
		{18B3EE90-FC0B-41C0-B1A9-6F7B268E4E10}.Release|Any CPU.Build.0 = Release|Any CPU
		{18B3EE90-FC0B-41C0-B1A9-6F7B268E4E10}.Release|x64.ActiveCfg = Release|Any CPU
		{18B3EE90-FC0B-41C0-B1A9-6F7B268E4E10}.Release|x64.Build.0 = Release|Any CPU
		{18B3EE90-FC0B-41C0-B1A9-6F7B268E4E10}.Release|x86.ActiveCfg = Release|Any CPU
		{18B3EE90-FC0B-41C0-B1A9-6F7B268E4E10}.Release|x86.Build.0 = Release|Any CPU
		{EDAB61C3-8ECB-4430-BAB2-363D2986DA9C}.Debug|Any CPU.ActiveCfg = Debug|Any CPU
		{EDAB61C3-8ECB-4430-BAB2-363D2986DA9C}.Debug|Any CPU.Build.0 = Debug|Any CPU
		{EDAB61C3-8ECB-4430-BAB2-363D2986DA9C}.Debug|x64.ActiveCfg = Debug|Any CPU
		{EDAB61C3-8ECB-4430-BAB2-363D2986DA9C}.Debug|x64.Build.0 = Debug|Any CPU
		{EDAB61C3-8ECB-4430-BAB2-363D2986DA9C}.Debug|x86.ActiveCfg = Debug|Any CPU
		{EDAB61C3-8ECB-4430-BAB2-363D2986DA9C}.Debug|x86.Build.0 = Debug|Any CPU
		{EDAB61C3-8ECB-4430-BAB2-363D2986DA9C}.Release|Any CPU.ActiveCfg = Release|Any CPU
		{EDAB61C3-8ECB-4430-BAB2-363D2986DA9C}.Release|Any CPU.Build.0 = Release|Any CPU
		{EDAB61C3-8ECB-4430-BAB2-363D2986DA9C}.Release|x64.ActiveCfg = Release|Any CPU
		{EDAB61C3-8ECB-4430-BAB2-363D2986DA9C}.Release|x64.Build.0 = Release|Any CPU
		{EDAB61C3-8ECB-4430-BAB2-363D2986DA9C}.Release|x86.ActiveCfg = Release|Any CPU
		{EDAB61C3-8ECB-4430-BAB2-363D2986DA9C}.Release|x86.Build.0 = Release|Any CPU
		{552B2CD3-5BE1-4B2B-9E7C-4FC71358AA34}.Debug|Any CPU.ActiveCfg = Debug|Any CPU
		{552B2CD3-5BE1-4B2B-9E7C-4FC71358AA34}.Debug|Any CPU.Build.0 = Debug|Any CPU
		{552B2CD3-5BE1-4B2B-9E7C-4FC71358AA34}.Debug|x64.ActiveCfg = Debug|Any CPU
		{552B2CD3-5BE1-4B2B-9E7C-4FC71358AA34}.Debug|x64.Build.0 = Debug|Any CPU
		{552B2CD3-5BE1-4B2B-9E7C-4FC71358AA34}.Debug|x86.ActiveCfg = Debug|Any CPU
		{552B2CD3-5BE1-4B2B-9E7C-4FC71358AA34}.Debug|x86.Build.0 = Debug|Any CPU
		{552B2CD3-5BE1-4B2B-9E7C-4FC71358AA34}.Release|Any CPU.ActiveCfg = Release|Any CPU
		{552B2CD3-5BE1-4B2B-9E7C-4FC71358AA34}.Release|Any CPU.Build.0 = Release|Any CPU
		{552B2CD3-5BE1-4B2B-9E7C-4FC71358AA34}.Release|x64.ActiveCfg = Release|Any CPU
		{552B2CD3-5BE1-4B2B-9E7C-4FC71358AA34}.Release|x64.Build.0 = Release|Any CPU
		{552B2CD3-5BE1-4B2B-9E7C-4FC71358AA34}.Release|x86.ActiveCfg = Release|Any CPU
		{552B2CD3-5BE1-4B2B-9E7C-4FC71358AA34}.Release|x86.Build.0 = Release|Any CPU
		{87615052-FCC2-411F-8E73-FED298D89549}.Debug|Any CPU.ActiveCfg = Debug|Any CPU
		{87615052-FCC2-411F-8E73-FED298D89549}.Debug|Any CPU.Build.0 = Debug|Any CPU
		{87615052-FCC2-411F-8E73-FED298D89549}.Debug|x64.ActiveCfg = Debug|Any CPU
		{87615052-FCC2-411F-8E73-FED298D89549}.Debug|x64.Build.0 = Debug|Any CPU
		{87615052-FCC2-411F-8E73-FED298D89549}.Debug|x86.ActiveCfg = Debug|Any CPU
		{87615052-FCC2-411F-8E73-FED298D89549}.Debug|x86.Build.0 = Debug|Any CPU
		{87615052-FCC2-411F-8E73-FED298D89549}.Release|Any CPU.ActiveCfg = Release|Any CPU
		{87615052-FCC2-411F-8E73-FED298D89549}.Release|Any CPU.Build.0 = Release|Any CPU
		{87615052-FCC2-411F-8E73-FED298D89549}.Release|x64.ActiveCfg = Release|Any CPU
		{87615052-FCC2-411F-8E73-FED298D89549}.Release|x64.Build.0 = Release|Any CPU
		{87615052-FCC2-411F-8E73-FED298D89549}.Release|x86.ActiveCfg = Release|Any CPU
		{87615052-FCC2-411F-8E73-FED298D89549}.Release|x86.Build.0 = Release|Any CPU
	EndGlobalSection
	GlobalSection(SolutionProperties) = preSolution
		HideSolutionNode = FALSE
	EndGlobalSection
	GlobalSection(NestedProjects) = preSolution
		{18B3EE90-FC0B-41C0-B1A9-6F7B268E4E10} = {827E0CD3-B72D-47B6-A68D-7590B98EB39B}
		{EDAB61C3-8ECB-4430-BAB2-363D2986DA9C} = {827E0CD3-B72D-47B6-A68D-7590B98EB39B}
		{552B2CD3-5BE1-4B2B-9E7C-4FC71358AA34} = {827E0CD3-B72D-47B6-A68D-7590B98EB39B}
		{87615052-FCC2-411F-8E73-FED298D89549} = {B36A84DF-456D-A817-6EDD-3EC3E7F6E11F}
	EndGlobalSection
EndGlobal
